// !$*UTF8*$!
{
	archiveVersion = 1;
	classes = {
	};
	objectVersion = 48;
	objects = {

/* Begin PBXBuildFile section */
		24CE9BA9A2710E693A9488B2 /* Pods_Swiftly_Chat.framework in Frameworks */ = {isa = PBXBuildFile; fileRef = 301AF4DBC595456A991FDD88 /* Pods_Swiftly_Chat.framework */; };
		5AD1035D20616FAB00FCDA96 /* AppDelegate.swift in Sources */ = {isa = PBXBuildFile; fileRef = 5AD1035C20616FAB00FCDA96 /* AppDelegate.swift */; };
		5AD1035F20616FAB00FCDA96 /* ViewController.swift in Sources */ = {isa = PBXBuildFile; fileRef = 5AD1035E20616FAB00FCDA96 /* ViewController.swift */; };
		5AD1036220616FAB00FCDA96 /* Main.storyboard in Resources */ = {isa = PBXBuildFile; fileRef = 5AD1036020616FAB00FCDA96 /* Main.storyboard */; };
		5AD1036420616FAB00FCDA96 /* Assets.xcassets in Resources */ = {isa = PBXBuildFile; fileRef = 5AD1036320616FAB00FCDA96 /* Assets.xcassets */; };
		5AD1036720616FAB00FCDA96 /* LaunchScreen.storyboard in Resources */ = {isa = PBXBuildFile; fileRef = 5AD1036520616FAB00FCDA96 /* LaunchScreen.storyboard */; };
		5AD1037220616FAC00FCDA96 /* Swift_ChatTests.swift in Sources */ = {isa = PBXBuildFile; fileRef = 5AD1037120616FAC00FCDA96 /* Swift_ChatTests.swift */; };
		5AD1037D20616FAC00FCDA96 /* Swift_ChatUITests.swift in Sources */ = {isa = PBXBuildFile; fileRef = 5AD1037C20616FAC00FCDA96 /* Swift_ChatUITests.swift */; };
		5AD1038C2061838E00FCDA96 /* GoogleService-Info.plist in Resources */ = {isa = PBXBuildFile; fileRef = 5AD1038B2061838E00FCDA96 /* GoogleService-Info.plist */; };
		5AD10391206184CE00FCDA96 /* FirebaseGeneralManager.swift in Sources */ = {isa = PBXBuildFile; fileRef = 5AD10390206184CE00FCDA96 /* FirebaseGeneralManager.swift */; };
		5AD1039520618AAF00FCDA96 /* AuthManager.swift in Sources */ = {isa = PBXBuildFile; fileRef = 5AD1039420618AAF00FCDA96 /* AuthManager.swift */; };
		5AD1039720618ABE00FCDA96 /* AuthPhoneManager.swift in Sources */ = {isa = PBXBuildFile; fileRef = 5AD1039620618ABE00FCDA96 /* AuthPhoneManager.swift */; };
		5AD1039A20618DB500FCDA96 /* Router.swift in Sources */ = {isa = PBXBuildFile; fileRef = 5AD1039920618DB500FCDA96 /* Router.swift */; };
		5AEF77B3206195F000577210 /* RegisterMainViewController.swift in Sources */ = {isa = PBXBuildFile; fileRef = 5AEF77B2206195F000577210 /* RegisterMainViewController.swift */; };
		7F4F6DC42CC2970A6A2518B1 /* Pods_Swiftly_ChatUITests.framework in Frameworks */ = {isa = PBXBuildFile; fileRef = A8F57381B91C198D368CB243 /* Pods_Swiftly_ChatUITests.framework */; };
		8DAB017659F7F545899C9094 /* Pods_Swiftly_ChatTests.framework in Frameworks */ = {isa = PBXBuildFile; fileRef = 90FF19AB54352D5E9ECC0C32 /* Pods_Swiftly_ChatTests.framework */; };
/* End PBXBuildFile section */

/* Begin PBXContainerItemProxy section */
		5AD1036E20616FAC00FCDA96 /* PBXContainerItemProxy */ = {
			isa = PBXContainerItemProxy;
			containerPortal = 5AD1035120616FAB00FCDA96 /* Project object */;
			proxyType = 1;
			remoteGlobalIDString = 5AD1035820616FAB00FCDA96;
			remoteInfo = "Swift Chat";
		};
		5AD1037920616FAC00FCDA96 /* PBXContainerItemProxy */ = {
			isa = PBXContainerItemProxy;
			containerPortal = 5AD1035120616FAB00FCDA96 /* Project object */;
			proxyType = 1;
			remoteGlobalIDString = 5AD1035820616FAB00FCDA96;
			remoteInfo = "Swift Chat";
		};
/* End PBXContainerItemProxy section */

/* Begin PBXFileReference section */
		031E869AA15B6AADFF207731 /* Pods-Swiftly Chat.debug.xcconfig */ = {isa = PBXFileReference; includeInIndex = 1; lastKnownFileType = text.xcconfig; name = "Pods-Swiftly Chat.debug.xcconfig"; path = "Pods/Target Support Files/Pods-Swiftly Chat/Pods-Swiftly Chat.debug.xcconfig"; sourceTree = "<group>"; };
		04165F9888C31653DA6BF02A /* Pods-Swiftly ChatTests.release.xcconfig */ = {isa = PBXFileReference; includeInIndex = 1; lastKnownFileType = text.xcconfig; name = "Pods-Swiftly ChatTests.release.xcconfig"; path = "Pods/Target Support Files/Pods-Swiftly ChatTests/Pods-Swiftly ChatTests.release.xcconfig"; sourceTree = "<group>"; };
		0A3963DAC4C6DC79AE789214 /* Pods-Swiftly ChatTests.debug.xcconfig */ = {isa = PBXFileReference; includeInIndex = 1; lastKnownFileType = text.xcconfig; name = "Pods-Swiftly ChatTests.debug.xcconfig"; path = "Pods/Target Support Files/Pods-Swiftly ChatTests/Pods-Swiftly ChatTests.debug.xcconfig"; sourceTree = "<group>"; };
		301AF4DBC595456A991FDD88 /* Pods_Swiftly_Chat.framework */ = {isa = PBXFileReference; explicitFileType = wrapper.framework; includeInIndex = 0; path = Pods_Swiftly_Chat.framework; sourceTree = BUILT_PRODUCTS_DIR; };
		5AD1035920616FAB00FCDA96 /* Swiftly Chat.app */ = {isa = PBXFileReference; explicitFileType = wrapper.application; includeInIndex = 0; path = "Swiftly Chat.app"; sourceTree = BUILT_PRODUCTS_DIR; };
		5AD1035C20616FAB00FCDA96 /* AppDelegate.swift */ = {isa = PBXFileReference; lastKnownFileType = sourcecode.swift; path = AppDelegate.swift; sourceTree = "<group>"; };
		5AD1035E20616FAB00FCDA96 /* ViewController.swift */ = {isa = PBXFileReference; lastKnownFileType = sourcecode.swift; path = ViewController.swift; sourceTree = "<group>"; };
		5AD1036120616FAB00FCDA96 /* Base */ = {isa = PBXFileReference; lastKnownFileType = file.storyboard; name = Base; path = Base.lproj/Main.storyboard; sourceTree = "<group>"; };
		5AD1036320616FAB00FCDA96 /* Assets.xcassets */ = {isa = PBXFileReference; lastKnownFileType = folder.assetcatalog; path = Assets.xcassets; sourceTree = "<group>"; };
		5AD1036620616FAB00FCDA96 /* Base */ = {isa = PBXFileReference; lastKnownFileType = file.storyboard; name = Base; path = Base.lproj/LaunchScreen.storyboard; sourceTree = "<group>"; };
		5AD1036820616FAB00FCDA96 /* Info.plist */ = {isa = PBXFileReference; lastKnownFileType = text.plist.xml; path = Info.plist; sourceTree = "<group>"; };
		5AD1036D20616FAC00FCDA96 /* Swiftly ChatTests.xctest */ = {isa = PBXFileReference; explicitFileType = wrapper.cfbundle; includeInIndex = 0; path = "Swiftly ChatTests.xctest"; sourceTree = BUILT_PRODUCTS_DIR; };
		5AD1037120616FAC00FCDA96 /* Swift_ChatTests.swift */ = {isa = PBXFileReference; lastKnownFileType = sourcecode.swift; path = Swift_ChatTests.swift; sourceTree = "<group>"; };
		5AD1037320616FAC00FCDA96 /* Info.plist */ = {isa = PBXFileReference; lastKnownFileType = text.plist.xml; path = Info.plist; sourceTree = "<group>"; };
		5AD1037820616FAC00FCDA96 /* Swiftly ChatUITests.xctest */ = {isa = PBXFileReference; explicitFileType = wrapper.cfbundle; includeInIndex = 0; path = "Swiftly ChatUITests.xctest"; sourceTree = BUILT_PRODUCTS_DIR; };
		5AD1037C20616FAC00FCDA96 /* Swift_ChatUITests.swift */ = {isa = PBXFileReference; lastKnownFileType = sourcecode.swift; path = Swift_ChatUITests.swift; sourceTree = "<group>"; };
		5AD1037E20616FAC00FCDA96 /* Info.plist */ = {isa = PBXFileReference; lastKnownFileType = text.plist.xml; path = Info.plist; sourceTree = "<group>"; };
		5AD1038B2061838E00FCDA96 /* GoogleService-Info.plist */ = {isa = PBXFileReference; fileEncoding = 4; lastKnownFileType = text.plist.xml; path = "GoogleService-Info.plist"; sourceTree = "<group>"; };
		5AD10390206184CE00FCDA96 /* FirebaseGeneralManager.swift */ = {isa = PBXFileReference; lastKnownFileType = sourcecode.swift; path = FirebaseGeneralManager.swift; sourceTree = "<group>"; };
		5AD1039420618AAF00FCDA96 /* AuthManager.swift */ = {isa = PBXFileReference; lastKnownFileType = sourcecode.swift; path = AuthManager.swift; sourceTree = "<group>"; };
		5AD1039620618ABE00FCDA96 /* AuthPhoneManager.swift */ = {isa = PBXFileReference; lastKnownFileType = sourcecode.swift; path = AuthPhoneManager.swift; sourceTree = "<group>"; };
		5AD1039920618DB500FCDA96 /* Router.swift */ = {isa = PBXFileReference; lastKnownFileType = sourcecode.swift; path = Router.swift; sourceTree = "<group>"; };
		5AEF77B2206195F000577210 /* RegisterMainViewController.swift */ = {isa = PBXFileReference; lastKnownFileType = sourcecode.swift; path = RegisterMainViewController.swift; sourceTree = "<group>"; };
		5C72FF3DE8A9300AF4B321C4 /* Pods-Swiftly ChatUITests.debug.xcconfig */ = {isa = PBXFileReference; includeInIndex = 1; lastKnownFileType = text.xcconfig; name = "Pods-Swiftly ChatUITests.debug.xcconfig"; path = "Pods/Target Support Files/Pods-Swiftly ChatUITests/Pods-Swiftly ChatUITests.debug.xcconfig"; sourceTree = "<group>"; };
		6788FC9D56C99A8E1687551A /* Pods-Swiftly ChatUITests.release.xcconfig */ = {isa = PBXFileReference; includeInIndex = 1; lastKnownFileType = text.xcconfig; name = "Pods-Swiftly ChatUITests.release.xcconfig"; path = "Pods/Target Support Files/Pods-Swiftly ChatUITests/Pods-Swiftly ChatUITests.release.xcconfig"; sourceTree = "<group>"; };
		90FF19AB54352D5E9ECC0C32 /* Pods_Swiftly_ChatTests.framework */ = {isa = PBXFileReference; explicitFileType = wrapper.framework; includeInIndex = 0; path = Pods_Swiftly_ChatTests.framework; sourceTree = BUILT_PRODUCTS_DIR; };
		93940685EFE9A0491506868B /* Pods-Swiftly Chat.release.xcconfig */ = {isa = PBXFileReference; includeInIndex = 1; lastKnownFileType = text.xcconfig; name = "Pods-Swiftly Chat.release.xcconfig"; path = "Pods/Target Support Files/Pods-Swiftly Chat/Pods-Swiftly Chat.release.xcconfig"; sourceTree = "<group>"; };
		A8F57381B91C198D368CB243 /* Pods_Swiftly_ChatUITests.framework */ = {isa = PBXFileReference; explicitFileType = wrapper.framework; includeInIndex = 0; path = Pods_Swiftly_ChatUITests.framework; sourceTree = BUILT_PRODUCTS_DIR; };
/* End PBXFileReference section */

/* Begin PBXFrameworksBuildPhase section */
		5AD1035620616FAB00FCDA96 /* Frameworks */ = {
			isa = PBXFrameworksBuildPhase;
			buildActionMask = 2147483647;
			files = (
				24CE9BA9A2710E693A9488B2 /* Pods_Swiftly_Chat.framework in Frameworks */,
			);
			runOnlyForDeploymentPostprocessing = 0;
		};
		5AD1036A20616FAC00FCDA96 /* Frameworks */ = {
			isa = PBXFrameworksBuildPhase;
			buildActionMask = 2147483647;
			files = (
				8DAB017659F7F545899C9094 /* Pods_Swiftly_ChatTests.framework in Frameworks */,
			);
			runOnlyForDeploymentPostprocessing = 0;
		};
		5AD1037520616FAC00FCDA96 /* Frameworks */ = {
			isa = PBXFrameworksBuildPhase;
			buildActionMask = 2147483647;
			files = (
				7F4F6DC42CC2970A6A2518B1 /* Pods_Swiftly_ChatUITests.framework in Frameworks */,
			);
			runOnlyForDeploymentPostprocessing = 0;
		};
/* End PBXFrameworksBuildPhase section */

/* Begin PBXGroup section */
		51846053A383CA8A4FDB8253 /* Frameworks */ = {
			isa = PBXGroup;
			children = (
				301AF4DBC595456A991FDD88 /* Pods_Swiftly_Chat.framework */,
				90FF19AB54352D5E9ECC0C32 /* Pods_Swiftly_ChatTests.framework */,
				A8F57381B91C198D368CB243 /* Pods_Swiftly_ChatUITests.framework */,
			);
			name = Frameworks;
			sourceTree = "<group>";
		};
		5AD1035020616FAB00FCDA96 = {
			isa = PBXGroup;
			children = (
				5AD1035B20616FAB00FCDA96 /* Swift Chat */,
				5AD1037020616FAC00FCDA96 /* Swift ChatTests */,
				5AD1037B20616FAC00FCDA96 /* Swift ChatUITests */,
				5AD1035A20616FAB00FCDA96 /* Products */,
				F3478F04B41E367BF5C00788 /* Pods */,
				51846053A383CA8A4FDB8253 /* Frameworks */,
			);
			sourceTree = "<group>";
		};
		5AD1035A20616FAB00FCDA96 /* Products */ = {
			isa = PBXGroup;
			children = (
				5AD1035920616FAB00FCDA96 /* Swiftly Chat.app */,
				5AD1036D20616FAC00FCDA96 /* Swiftly ChatTests.xctest */,
				5AD1037820616FAC00FCDA96 /* Swiftly ChatUITests.xctest */,
			);
			name = Products;
			sourceTree = "<group>";
		};
		5AD1035B20616FAB00FCDA96 /* Swift Chat */ = {
			isa = PBXGroup;
			children = (
				5AD1035C20616FAB00FCDA96 /* AppDelegate.swift */,
				5AD1038E206184B500FCDA96 /* SystemGroups */,
				5AD1038A206181B600FCDA96 /* Groups */,
				5AD1038D2061839900FCDA96 /* Info */,
				5AD1035E20616FAB00FCDA96 /* ViewController.swift */,
				5AD1036020616FAB00FCDA96 /* Main.storyboard */,
				5AD1036320616FAB00FCDA96 /* Assets.xcassets */,
				5AD1036520616FAB00FCDA96 /* LaunchScreen.storyboard */,
			);
			path = "Swift Chat";
			sourceTree = "<group>";
		};
		5AD1037020616FAC00FCDA96 /* Swift ChatTests */ = {
			isa = PBXGroup;
			children = (
				5AD1037120616FAC00FCDA96 /* Swift_ChatTests.swift */,
				5AD1037320616FAC00FCDA96 /* Info.plist */,
			);
			path = "Swift ChatTests";
			sourceTree = "<group>";
		};
		5AD1037B20616FAC00FCDA96 /* Swift ChatUITests */ = {
			isa = PBXGroup;
			children = (
				5AD1037C20616FAC00FCDA96 /* Swift_ChatUITests.swift */,
				5AD1037E20616FAC00FCDA96 /* Info.plist */,
			);
			path = "Swift ChatUITests";
			sourceTree = "<group>";
		};
		5AD1038A206181B600FCDA96 /* Groups */ = {
			isa = PBXGroup;
			children = (
				5AEF77B12061953000577210 /* Register */,
			);
			path = Groups;
			sourceTree = "<group>";
		};
		5AD1038D2061839900FCDA96 /* Info */ = {
			isa = PBXGroup;
			children = (
				5AD1036820616FAB00FCDA96 /* Info.plist */,
				5AD1038B2061838E00FCDA96 /* GoogleService-Info.plist */,
			);
			name = Info;
			sourceTree = "<group>";
		};
		5AD1038E206184B500FCDA96 /* SystemGroups */ = {
			isa = PBXGroup;
			children = (
				5AD1039820618DA600FCDA96 /* Router */,
				5AD1038F206184C100FCDA96 /* Firebase */,
			);
			path = SystemGroups;
			sourceTree = "<group>";
		};
		5AD1038F206184C100FCDA96 /* Firebase */ = {
			isa = PBXGroup;
			children = (
				5AD10393206189F600FCDA96 /* Auth */,
				5AD10392206189E800FCDA96 /* System */,
			);
			path = Firebase;
			sourceTree = "<group>";
		};
		5AD10392206189E800FCDA96 /* System */ = {
			isa = PBXGroup;
			children = (
				5AD10390206184CE00FCDA96 /* FirebaseGeneralManager.swift */,
			);
			path = System;
			sourceTree = "<group>";
		};
		5AD10393206189F600FCDA96 /* Auth */ = {
			isa = PBXGroup;
			children = (
				5AD1039420618AAF00FCDA96 /* AuthManager.swift */,
				5AD1039620618ABE00FCDA96 /* AuthPhoneManager.swift */,
			);
			path = Auth;
			sourceTree = "<group>";
		};
		5AD1039820618DA600FCDA96 /* Router */ = {
			isa = PBXGroup;
			children = (
				5AD1039920618DB500FCDA96 /* Router.swift */,
			);
			path = Router;
			sourceTree = "<group>";
		};
		5AEF77B12061953000577210 /* Register */ = {
			isa = PBXGroup;
			children = (
				5AEF77B2206195F000577210 /* RegisterMainViewController.swift */,
			);
			path = Register;
			sourceTree = "<group>";
		};
		F3478F04B41E367BF5C00788 /* Pods */ = {
			isa = PBXGroup;
			children = (
				031E869AA15B6AADFF207731 /* Pods-Swiftly Chat.debug.xcconfig */,
				93940685EFE9A0491506868B /* Pods-Swiftly Chat.release.xcconfig */,
				0A3963DAC4C6DC79AE789214 /* Pods-Swiftly ChatTests.debug.xcconfig */,
				04165F9888C31653DA6BF02A /* Pods-Swiftly ChatTests.release.xcconfig */,
				5C72FF3DE8A9300AF4B321C4 /* Pods-Swiftly ChatUITests.debug.xcconfig */,
				6788FC9D56C99A8E1687551A /* Pods-Swiftly ChatUITests.release.xcconfig */,
			);
			name = Pods;
			sourceTree = "<group>";
		};
/* End PBXGroup section */

/* Begin PBXNativeTarget section */
		5AD1035820616FAB00FCDA96 /* Swiftly Chat */ = {
			isa = PBXNativeTarget;
			buildConfigurationList = 5AD1038120616FAC00FCDA96 /* Build configuration list for PBXNativeTarget "Swiftly Chat" */;
			buildPhases = (
				D94634D375CE9563D7C55126 /* [CP] Check Pods Manifest.lock */,
				5AD1035520616FAB00FCDA96 /* Sources */,
				5AD1035620616FAB00FCDA96 /* Frameworks */,
				5AD1035720616FAB00FCDA96 /* Resources */,
				4A41016CE081DDCA11A2A46F /* [CP] Embed Pods Frameworks */,
				D71AF3494C174DBF31A1E4CF /* [CP] Copy Pods Resources */,
			);
			buildRules = (
			);
			dependencies = (
			);
			name = "Swiftly Chat";
			productName = "Swift Chat";
			productReference = 5AD1035920616FAB00FCDA96 /* Swiftly Chat.app */;
			productType = "com.apple.product-type.application";
		};
		5AD1036C20616FAC00FCDA96 /* Swiftly ChatTests */ = {
			isa = PBXNativeTarget;
			buildConfigurationList = 5AD1038420616FAC00FCDA96 /* Build configuration list for PBXNativeTarget "Swiftly ChatTests" */;
			buildPhases = (
				CB31371E705F8AB9F751AD33 /* [CP] Check Pods Manifest.lock */,
				5AD1036920616FAC00FCDA96 /* Sources */,
				5AD1036A20616FAC00FCDA96 /* Frameworks */,
				5AD1036B20616FAC00FCDA96 /* Resources */,
				ADDB2FA4C2764EBC12A011DF /* [CP] Embed Pods Frameworks */,
				EE89158C9965954A735DE551 /* [CP] Copy Pods Resources */,
			);
			buildRules = (
			);
			dependencies = (
				5AD1036F20616FAC00FCDA96 /* PBXTargetDependency */,
			);
			name = "Swiftly ChatTests";
			productName = "Swift ChatTests";
			productReference = 5AD1036D20616FAC00FCDA96 /* Swiftly ChatTests.xctest */;
			productType = "com.apple.product-type.bundle.unit-test";
		};
		5AD1037720616FAC00FCDA96 /* Swiftly ChatUITests */ = {
			isa = PBXNativeTarget;
			buildConfigurationList = 5AD1038720616FAC00FCDA96 /* Build configuration list for PBXNativeTarget "Swiftly ChatUITests" */;
			buildPhases = (
				B94E449E4AEA4E73C77ADEFA /* [CP] Check Pods Manifest.lock */,
				5AD1037420616FAC00FCDA96 /* Sources */,
				5AD1037520616FAC00FCDA96 /* Frameworks */,
				5AD1037620616FAC00FCDA96 /* Resources */,
				A68943DD31B0B9ECC75CF3F9 /* [CP] Embed Pods Frameworks */,
				38C98C24998ADB945CCAEFA2 /* [CP] Copy Pods Resources */,
			);
			buildRules = (
			);
			dependencies = (
				5AD1037A20616FAC00FCDA96 /* PBXTargetDependency */,
			);
			name = "Swiftly ChatUITests";
			productName = "Swift ChatUITests";
			productReference = 5AD1037820616FAC00FCDA96 /* Swiftly ChatUITests.xctest */;
			productType = "com.apple.product-type.bundle.ui-testing";
		};
/* End PBXNativeTarget section */

/* Begin PBXProject section */
		5AD1035120616FAB00FCDA96 /* Project object */ = {
			isa = PBXProject;
			attributes = {
				LastSwiftUpdateCheck = 0920;
				LastUpgradeCheck = 0920;
				ORGANIZATIONNAME = "Alexander Khitev";
				TargetAttributes = {
					5AD1035820616FAB00FCDA96 = {
						CreatedOnToolsVersion = 9.2;
						ProvisioningStyle = Automatic;
					};
					5AD1036C20616FAC00FCDA96 = {
						CreatedOnToolsVersion = 9.2;
						ProvisioningStyle = Automatic;
						TestTargetID = 5AD1035820616FAB00FCDA96;
					};
					5AD1037720616FAC00FCDA96 = {
						CreatedOnToolsVersion = 9.2;
						ProvisioningStyle = Automatic;
						TestTargetID = 5AD1035820616FAB00FCDA96;
					};
				};
			};
			buildConfigurationList = 5AD1035420616FAB00FCDA96 /* Build configuration list for PBXProject "Swiftly Chat" */;
			compatibilityVersion = "Xcode 8.0";
			developmentRegion = en;
			hasScannedForEncodings = 0;
			knownRegions = (
				en,
				Base,
			);
			mainGroup = 5AD1035020616FAB00FCDA96;
			productRefGroup = 5AD1035A20616FAB00FCDA96 /* Products */;
			projectDirPath = "";
			projectRoot = "";
			targets = (
				5AD1035820616FAB00FCDA96 /* Swiftly Chat */,
				5AD1036C20616FAC00FCDA96 /* Swiftly ChatTests */,
				5AD1037720616FAC00FCDA96 /* Swiftly ChatUITests */,
			);
		};
/* End PBXProject section */

/* Begin PBXResourcesBuildPhase section */
		5AD1035720616FAB00FCDA96 /* Resources */ = {
			isa = PBXResourcesBuildPhase;
			buildActionMask = 2147483647;
			files = (
				5AD1036720616FAB00FCDA96 /* LaunchScreen.storyboard in Resources */,
				5AD1038C2061838E00FCDA96 /* GoogleService-Info.plist in Resources */,
				5AD1036420616FAB00FCDA96 /* Assets.xcassets in Resources */,
				5AD1036220616FAB00FCDA96 /* Main.storyboard in Resources */,
			);
			runOnlyForDeploymentPostprocessing = 0;
		};
		5AD1036B20616FAC00FCDA96 /* Resources */ = {
			isa = PBXResourcesBuildPhase;
			buildActionMask = 2147483647;
			files = (
			);
			runOnlyForDeploymentPostprocessing = 0;
		};
		5AD1037620616FAC00FCDA96 /* Resources */ = {
			isa = PBXResourcesBuildPhase;
			buildActionMask = 2147483647;
			files = (
			);
			runOnlyForDeploymentPostprocessing = 0;
		};
/* End PBXResourcesBuildPhase section */

/* Begin PBXShellScriptBuildPhase section */
		38C98C24998ADB945CCAEFA2 /* [CP] Copy Pods Resources */ = {
			isa = PBXShellScriptBuildPhase;
			buildActionMask = 2147483647;
			files = (
			);
			inputPaths = (
			);
			name = "[CP] Copy Pods Resources";
			outputPaths = (
			);
			runOnlyForDeploymentPostprocessing = 0;
			shellPath = /bin/sh;
			shellScript = "\"${SRCROOT}/Pods/Target Support Files/Pods-Swiftly ChatUITests/Pods-Swiftly ChatUITests-resources.sh\"\n";
			showEnvVarsInLog = 0;
		};
		4A41016CE081DDCA11A2A46F /* [CP] Embed Pods Frameworks */ = {
			isa = PBXShellScriptBuildPhase;
			buildActionMask = 2147483647;
			files = (
			);
			inputPaths = (
				"${SRCROOT}/Pods/Target Support Files/Pods-Swiftly Chat/Pods-Swiftly Chat-frameworks.sh",
				"${BUILT_PRODUCTS_DIR}/GTMSessionFetcher/GTMSessionFetcher.framework",
				"${BUILT_PRODUCTS_DIR}/GoogleToolboxForMac/GoogleToolboxForMac.framework",
				"${BUILT_PRODUCTS_DIR}/Realm/Realm.framework",
				"${BUILT_PRODUCTS_DIR}/RealmSwift/RealmSwift.framework",
				"${BUILT_PRODUCTS_DIR}/leveldb-library/leveldb.framework",
				"${BUILT_PRODUCTS_DIR}/nanopb/nanopb.framework",
			);
			name = "[CP] Embed Pods Frameworks";
			outputPaths = (
				"${TARGET_BUILD_DIR}/${FRAMEWORKS_FOLDER_PATH}/GTMSessionFetcher.framework",
				"${TARGET_BUILD_DIR}/${FRAMEWORKS_FOLDER_PATH}/GoogleToolboxForMac.framework",
				"${TARGET_BUILD_DIR}/${FRAMEWORKS_FOLDER_PATH}/Realm.framework",
				"${TARGET_BUILD_DIR}/${FRAMEWORKS_FOLDER_PATH}/RealmSwift.framework",
				"${TARGET_BUILD_DIR}/${FRAMEWORKS_FOLDER_PATH}/leveldb.framework",
				"${TARGET_BUILD_DIR}/${FRAMEWORKS_FOLDER_PATH}/nanopb.framework",
			);
			runOnlyForDeploymentPostprocessing = 0;
			shellPath = /bin/sh;
			shellScript = "\"${SRCROOT}/Pods/Target Support Files/Pods-Swiftly Chat/Pods-Swiftly Chat-frameworks.sh\"\n";
			showEnvVarsInLog = 0;
		};
		A68943DD31B0B9ECC75CF3F9 /* [CP] Embed Pods Frameworks */ = {
			isa = PBXShellScriptBuildPhase;
			buildActionMask = 2147483647;
			files = (
			);
			inputPaths = (
			);
			name = "[CP] Embed Pods Frameworks";
			outputPaths = (
			);
			runOnlyForDeploymentPostprocessing = 0;
			shellPath = /bin/sh;
			shellScript = "\"${SRCROOT}/Pods/Target Support Files/Pods-Swiftly ChatUITests/Pods-Swiftly ChatUITests-frameworks.sh\"\n";
			showEnvVarsInLog = 0;
		};
		ADDB2FA4C2764EBC12A011DF /* [CP] Embed Pods Frameworks */ = {
			isa = PBXShellScriptBuildPhase;
			buildActionMask = 2147483647;
			files = (
			);
			inputPaths = (
			);
			name = "[CP] Embed Pods Frameworks";
			outputPaths = (
			);
			runOnlyForDeploymentPostprocessing = 0;
			shellPath = /bin/sh;
			shellScript = "\"${SRCROOT}/Pods/Target Support Files/Pods-Swiftly ChatTests/Pods-Swiftly ChatTests-frameworks.sh\"\n";
			showEnvVarsInLog = 0;
		};
		B94E449E4AEA4E73C77ADEFA /* [CP] Check Pods Manifest.lock */ = {
			isa = PBXShellScriptBuildPhase;
			buildActionMask = 2147483647;
			files = (
			);
			inputPaths = (
				"${PODS_PODFILE_DIR_PATH}/Podfile.lock",
				"${PODS_ROOT}/Manifest.lock",
			);
			name = "[CP] Check Pods Manifest.lock";
			outputPaths = (
				"$(DERIVED_FILE_DIR)/Pods-Swiftly ChatUITests-checkManifestLockResult.txt",
			);
			runOnlyForDeploymentPostprocessing = 0;
			shellPath = /bin/sh;
			shellScript = "diff \"${PODS_PODFILE_DIR_PATH}/Podfile.lock\" \"${PODS_ROOT}/Manifest.lock\" > /dev/null\nif [ $? != 0 ] ; then\n    # print error to STDERR\n    echo \"error: The sandbox is not in sync with the Podfile.lock. Run 'pod install' or update your CocoaPods installation.\" >&2\n    exit 1\nfi\n# This output is used by Xcode 'outputs' to avoid re-running this script phase.\necho \"SUCCESS\" > \"${SCRIPT_OUTPUT_FILE_0}\"\n";
			showEnvVarsInLog = 0;
		};
		CB31371E705F8AB9F751AD33 /* [CP] Check Pods Manifest.lock */ = {
			isa = PBXShellScriptBuildPhase;
			buildActionMask = 2147483647;
			files = (
			);
			inputPaths = (
				"${PODS_PODFILE_DIR_PATH}/Podfile.lock",
				"${PODS_ROOT}/Manifest.lock",
			);
			name = "[CP] Check Pods Manifest.lock";
			outputPaths = (
				"$(DERIVED_FILE_DIR)/Pods-Swiftly ChatTests-checkManifestLockResult.txt",
			);
			runOnlyForDeploymentPostprocessing = 0;
			shellPath = /bin/sh;
			shellScript = "diff \"${PODS_PODFILE_DIR_PATH}/Podfile.lock\" \"${PODS_ROOT}/Manifest.lock\" > /dev/null\nif [ $? != 0 ] ; then\n    # print error to STDERR\n    echo \"error: The sandbox is not in sync with the Podfile.lock. Run 'pod install' or update your CocoaPods installation.\" >&2\n    exit 1\nfi\n# This output is used by Xcode 'outputs' to avoid re-running this script phase.\necho \"SUCCESS\" > \"${SCRIPT_OUTPUT_FILE_0}\"\n";
			showEnvVarsInLog = 0;
		};
		D71AF3494C174DBF31A1E4CF /* [CP] Copy Pods Resources */ = {
			isa = PBXShellScriptBuildPhase;
			buildActionMask = 2147483647;
			files = (
			);
			inputPaths = (
				"${SRCROOT}/Pods/Target Support Files/Pods-Swiftly Chat/Pods-Swiftly Chat-resources.sh",
				"${PODS_CONFIGURATION_BUILD_DIR}/FirebaseUI/FirebaseAuthUI.bundle",
				"${PODS_CONFIGURATION_BUILD_DIR}/FirebaseUI/FirebasePhoneAuthUI.bundle",
			);
			name = "[CP] Copy Pods Resources";
			outputPaths = (
				"${TARGET_BUILD_DIR}/${UNLOCALIZED_RESOURCES_FOLDER_PATH}/FirebaseAuthUI.bundle",
				"${TARGET_BUILD_DIR}/${UNLOCALIZED_RESOURCES_FOLDER_PATH}/FirebasePhoneAuthUI.bundle",
			);
			runOnlyForDeploymentPostprocessing = 0;
			shellPath = /bin/sh;
			shellScript = "\"${SRCROOT}/Pods/Target Support Files/Pods-Swiftly Chat/Pods-Swiftly Chat-resources.sh\"\n";
			showEnvVarsInLog = 0;
		};
		D94634D375CE9563D7C55126 /* [CP] Check Pods Manifest.lock */ = {
			isa = PBXShellScriptBuildPhase;
			buildActionMask = 2147483647;
			files = (
			);
			inputPaths = (
				"${PODS_PODFILE_DIR_PATH}/Podfile.lock",
				"${PODS_ROOT}/Manifest.lock",
			);
			name = "[CP] Check Pods Manifest.lock";
			outputPaths = (
				"$(DERIVED_FILE_DIR)/Pods-Swiftly Chat-checkManifestLockResult.txt",
			);
			runOnlyForDeploymentPostprocessing = 0;
			shellPath = /bin/sh;
			shellScript = "diff \"${PODS_PODFILE_DIR_PATH}/Podfile.lock\" \"${PODS_ROOT}/Manifest.lock\" > /dev/null\nif [ $? != 0 ] ; then\n    # print error to STDERR\n    echo \"error: The sandbox is not in sync with the Podfile.lock. Run 'pod install' or update your CocoaPods installation.\" >&2\n    exit 1\nfi\n# This output is used by Xcode 'outputs' to avoid re-running this script phase.\necho \"SUCCESS\" > \"${SCRIPT_OUTPUT_FILE_0}\"\n";
			showEnvVarsInLog = 0;
		};
		EE89158C9965954A735DE551 /* [CP] Copy Pods Resources */ = {
			isa = PBXShellScriptBuildPhase;
			buildActionMask = 2147483647;
			files = (
			);
			inputPaths = (
			);
			name = "[CP] Copy Pods Resources";
			outputPaths = (
			);
			runOnlyForDeploymentPostprocessing = 0;
			shellPath = /bin/sh;
			shellScript = "\"${SRCROOT}/Pods/Target Support Files/Pods-Swiftly ChatTests/Pods-Swiftly ChatTests-resources.sh\"\n";
			showEnvVarsInLog = 0;
		};
/* End PBXShellScriptBuildPhase section */

/* Begin PBXSourcesBuildPhase section */
		5AD1035520616FAB00FCDA96 /* Sources */ = {
			isa = PBXSourcesBuildPhase;
			buildActionMask = 2147483647;
			files = (
				5AD1039720618ABE00FCDA96 /* AuthPhoneManager.swift in Sources */,
				5AD1035F20616FAB00FCDA96 /* ViewController.swift in Sources */,
				5AD1039520618AAF00FCDA96 /* AuthManager.swift in Sources */,
				5AD1035D20616FAB00FCDA96 /* AppDelegate.swift in Sources */,
				5AD1039A20618DB500FCDA96 /* Router.swift in Sources */,
				5AD10391206184CE00FCDA96 /* FirebaseGeneralManager.swift in Sources */,
				5AEF77B3206195F000577210 /* RegisterMainViewController.swift in Sources */,
			);
			runOnlyForDeploymentPostprocessing = 0;
		};
		5AD1036920616FAC00FCDA96 /* Sources */ = {
			isa = PBXSourcesBuildPhase;
			buildActionMask = 2147483647;
			files = (
				5AD1037220616FAC00FCDA96 /* Swift_ChatTests.swift in Sources */,
			);
			runOnlyForDeploymentPostprocessing = 0;
		};
		5AD1037420616FAC00FCDA96 /* Sources */ = {
			isa = PBXSourcesBuildPhase;
			buildActionMask = 2147483647;
			files = (
				5AD1037D20616FAC00FCDA96 /* Swift_ChatUITests.swift in Sources */,
			);
			runOnlyForDeploymentPostprocessing = 0;
		};
/* End PBXSourcesBuildPhase section */

/* Begin PBXTargetDependency section */
		5AD1036F20616FAC00FCDA96 /* PBXTargetDependency */ = {
			isa = PBXTargetDependency;
			target = 5AD1035820616FAB00FCDA96 /* Swiftly Chat */;
			targetProxy = 5AD1036E20616FAC00FCDA96 /* PBXContainerItemProxy */;
		};
		5AD1037A20616FAC00FCDA96 /* PBXTargetDependency */ = {
			isa = PBXTargetDependency;
			target = 5AD1035820616FAB00FCDA96 /* Swiftly Chat */;
			targetProxy = 5AD1037920616FAC00FCDA96 /* PBXContainerItemProxy */;
		};
/* End PBXTargetDependency section */

/* Begin PBXVariantGroup section */
		5AD1036020616FAB00FCDA96 /* Main.storyboard */ = {
			isa = PBXVariantGroup;
			children = (
				5AD1036120616FAB00FCDA96 /* Base */,
			);
			name = Main.storyboard;
			sourceTree = "<group>";
		};
		5AD1036520616FAB00FCDA96 /* LaunchScreen.storyboard */ = {
			isa = PBXVariantGroup;
			children = (
				5AD1036620616FAB00FCDA96 /* Base */,
			);
			name = LaunchScreen.storyboard;
			sourceTree = "<group>";
		};
/* End PBXVariantGroup section */

/* Begin XCBuildConfiguration section */
		5AD1037F20616FAC00FCDA96 /* Debug */ = {
			isa = XCBuildConfiguration;
			buildSettings = {
				ALWAYS_SEARCH_USER_PATHS = NO;
				CLANG_ANALYZER_NONNULL = YES;
				CLANG_ANALYZER_NUMBER_OBJECT_CONVERSION = YES_AGGRESSIVE;
				CLANG_CXX_LANGUAGE_STANDARD = "gnu++14";
				CLANG_CXX_LIBRARY = "libc++";
				CLANG_ENABLE_MODULES = YES;
				CLANG_ENABLE_OBJC_ARC = YES;
				CLANG_WARN_BLOCK_CAPTURE_AUTORELEASING = YES;
				CLANG_WARN_BOOL_CONVERSION = YES;
				CLANG_WARN_COMMA = YES;
				CLANG_WARN_CONSTANT_CONVERSION = YES;
				CLANG_WARN_DIRECT_OBJC_ISA_USAGE = YES_ERROR;
				CLANG_WARN_DOCUMENTATION_COMMENTS = YES;
				CLANG_WARN_EMPTY_BODY = YES;
				CLANG_WARN_ENUM_CONVERSION = YES;
				CLANG_WARN_INFINITE_RECURSION = YES;
				CLANG_WARN_INT_CONVERSION = YES;
				CLANG_WARN_NON_LITERAL_NULL_CONVERSION = YES;
				CLANG_WARN_OBJC_LITERAL_CONVERSION = YES;
				CLANG_WARN_OBJC_ROOT_CLASS = YES_ERROR;
				CLANG_WARN_RANGE_LOOP_ANALYSIS = YES;
				CLANG_WARN_STRICT_PROTOTYPES = YES;
				CLANG_WARN_SUSPICIOUS_MOVE = YES;
				CLANG_WARN_UNGUARDED_AVAILABILITY = YES_AGGRESSIVE;
				CLANG_WARN_UNREACHABLE_CODE = YES;
				CLANG_WARN__DUPLICATE_METHOD_MATCH = YES;
				CODE_SIGN_IDENTITY = "iPhone Developer";
				COPY_PHASE_STRIP = NO;
				DEBUG_INFORMATION_FORMAT = dwarf;
				ENABLE_STRICT_OBJC_MSGSEND = YES;
				ENABLE_TESTABILITY = YES;
				GCC_C_LANGUAGE_STANDARD = gnu11;
				GCC_DYNAMIC_NO_PIC = NO;
				GCC_NO_COMMON_BLOCKS = YES;
				GCC_OPTIMIZATION_LEVEL = 0;
				GCC_PREPROCESSOR_DEFINITIONS = (
					"DEBUG=1",
					"$(inherited)",
				);
				GCC_WARN_64_TO_32_BIT_CONVERSION = YES;
				GCC_WARN_ABOUT_RETURN_TYPE = YES_ERROR;
				GCC_WARN_UNDECLARED_SELECTOR = YES;
				GCC_WARN_UNINITIALIZED_AUTOS = YES_AGGRESSIVE;
				GCC_WARN_UNUSED_FUNCTION = YES;
				GCC_WARN_UNUSED_VARIABLE = YES;
				IPHONEOS_DEPLOYMENT_TARGET = 11.2;
				MTL_ENABLE_DEBUG_INFO = YES;
				ONLY_ACTIVE_ARCH = YES;
				SDKROOT = iphoneos;
				SWIFT_ACTIVE_COMPILATION_CONDITIONS = DEBUG;
				SWIFT_OPTIMIZATION_LEVEL = "-Onone";
			};
			name = Debug;
		};
		5AD1038020616FAC00FCDA96 /* Release */ = {
			isa = XCBuildConfiguration;
			buildSettings = {
				ALWAYS_SEARCH_USER_PATHS = NO;
				CLANG_ANALYZER_NONNULL = YES;
				CLANG_ANALYZER_NUMBER_OBJECT_CONVERSION = YES_AGGRESSIVE;
				CLANG_CXX_LANGUAGE_STANDARD = "gnu++14";
				CLANG_CXX_LIBRARY = "libc++";
				CLANG_ENABLE_MODULES = YES;
				CLANG_ENABLE_OBJC_ARC = YES;
				CLANG_WARN_BLOCK_CAPTURE_AUTORELEASING = YES;
				CLANG_WARN_BOOL_CONVERSION = YES;
				CLANG_WARN_COMMA = YES;
				CLANG_WARN_CONSTANT_CONVERSION = YES;
				CLANG_WARN_DIRECT_OBJC_ISA_USAGE = YES_ERROR;
				CLANG_WARN_DOCUMENTATION_COMMENTS = YES;
				CLANG_WARN_EMPTY_BODY = YES;
				CLANG_WARN_ENUM_CONVERSION = YES;
				CLANG_WARN_INFINITE_RECURSION = YES;
				CLANG_WARN_INT_CONVERSION = YES;
				CLANG_WARN_NON_LITERAL_NULL_CONVERSION = YES;
				CLANG_WARN_OBJC_LITERAL_CONVERSION = YES;
				CLANG_WARN_OBJC_ROOT_CLASS = YES_ERROR;
				CLANG_WARN_RANGE_LOOP_ANALYSIS = YES;
				CLANG_WARN_STRICT_PROTOTYPES = YES;
				CLANG_WARN_SUSPICIOUS_MOVE = YES;
				CLANG_WARN_UNGUARDED_AVAILABILITY = YES_AGGRESSIVE;
				CLANG_WARN_UNREACHABLE_CODE = YES;
				CLANG_WARN__DUPLICATE_METHOD_MATCH = YES;
				CODE_SIGN_IDENTITY = "iPhone Developer";
				COPY_PHASE_STRIP = NO;
				DEBUG_INFORMATION_FORMAT = "dwarf-with-dsym";
				ENABLE_NS_ASSERTIONS = NO;
				ENABLE_STRICT_OBJC_MSGSEND = YES;
				GCC_C_LANGUAGE_STANDARD = gnu11;
				GCC_NO_COMMON_BLOCKS = YES;
				GCC_WARN_64_TO_32_BIT_CONVERSION = YES;
				GCC_WARN_ABOUT_RETURN_TYPE = YES_ERROR;
				GCC_WARN_UNDECLARED_SELECTOR = YES;
				GCC_WARN_UNINITIALIZED_AUTOS = YES_AGGRESSIVE;
				GCC_WARN_UNUSED_FUNCTION = YES;
				GCC_WARN_UNUSED_VARIABLE = YES;
				IPHONEOS_DEPLOYMENT_TARGET = 11.2;
				MTL_ENABLE_DEBUG_INFO = NO;
				SDKROOT = iphoneos;
				SWIFT_OPTIMIZATION_LEVEL = "-Owholemodule";
				VALIDATE_PRODUCT = YES;
			};
			name = Release;
		};
		5AD1038220616FAC00FCDA96 /* Debug */ = {
			isa = XCBuildConfiguration;
			baseConfigurationReference = 031E869AA15B6AADFF207731 /* Pods-Swiftly Chat.debug.xcconfig */;
			buildSettings = {
				ASSETCATALOG_COMPILER_APPICON_NAME = AppIcon;
				CODE_SIGN_STYLE = Automatic;
				DEVELOPMENT_TEAM = FQCFR2VMWQ;
				INFOPLIST_FILE = "Swift Chat/Info.plist";
				LD_RUNPATH_SEARCH_PATHS = "$(inherited) @executable_path/Frameworks";
				PRODUCT_BUNDLE_IDENTIFIER = "com.khitev.Swiftly-Chat";
				PRODUCT_NAME = "$(TARGET_NAME)";
				SWIFT_VERSION = 4.0;
				TARGETED_DEVICE_FAMILY = "1,2";
			};
			name = Debug;
		};
		5AD1038320616FAC00FCDA96 /* Release */ = {
			isa = XCBuildConfiguration;
			baseConfigurationReference = 93940685EFE9A0491506868B /* Pods-Swiftly Chat.release.xcconfig */;
			buildSettings = {
				ASSETCATALOG_COMPILER_APPICON_NAME = AppIcon;
				CODE_SIGN_STYLE = Automatic;
				DEVELOPMENT_TEAM = FQCFR2VMWQ;
				INFOPLIST_FILE = "Swift Chat/Info.plist";
				LD_RUNPATH_SEARCH_PATHS = "$(inherited) @executable_path/Frameworks";
				PRODUCT_BUNDLE_IDENTIFIER = "com.khitev.Swiftly-Chat";
				PRODUCT_NAME = "$(TARGET_NAME)";
				SWIFT_VERSION = 4.0;
				TARGETED_DEVICE_FAMILY = "1,2";
			};
			name = Release;
		};
		5AD1038520616FAC00FCDA96 /* Debug */ = {
			isa = XCBuildConfiguration;
			baseConfigurationReference = 0A3963DAC4C6DC79AE789214 /* Pods-Swiftly ChatTests.debug.xcconfig */;
			buildSettings = {
				ALWAYS_EMBED_SWIFT_STANDARD_LIBRARIES = YES;
				BUNDLE_LOADER = "$(TEST_HOST)";
				CODE_SIGN_STYLE = Automatic;
				DEVELOPMENT_TEAM = FQCFR2VMWQ;
				INFOPLIST_FILE = "Swift ChatTests/Info.plist";
				LD_RUNPATH_SEARCH_PATHS = "$(inherited) @executable_path/Frameworks @loader_path/Frameworks";
				PRODUCT_BUNDLE_IDENTIFIER = "com.khitev.Swift-ChatTests";
				PRODUCT_NAME = "$(TARGET_NAME)";
				SWIFT_VERSION = 4.0;
				TARGETED_DEVICE_FAMILY = "1,2";
				TEST_HOST = "$(BUILT_PRODUCTS_DIR)/Swiftly Chat.app/Swiftly Chat";
			};
			name = Debug;
		};
		5AD1038620616FAC00FCDA96 /* Release */ = {
			isa = XCBuildConfiguration;
			baseConfigurationReference = 04165F9888C31653DA6BF02A /* Pods-Swiftly ChatTests.release.xcconfig */;
			buildSettings = {
				ALWAYS_EMBED_SWIFT_STANDARD_LIBRARIES = YES;
				BUNDLE_LOADER = "$(TEST_HOST)";
				CODE_SIGN_STYLE = Automatic;
				DEVELOPMENT_TEAM = FQCFR2VMWQ;
				INFOPLIST_FILE = "Swift ChatTests/Info.plist";
				LD_RUNPATH_SEARCH_PATHS = "$(inherited) @executable_path/Frameworks @loader_path/Frameworks";
				PRODUCT_BUNDLE_IDENTIFIER = "com.khitev.Swift-ChatTests";
				PRODUCT_NAME = "$(TARGET_NAME)";
				SWIFT_VERSION = 4.0;
				TARGETED_DEVICE_FAMILY = "1,2";
				TEST_HOST = "$(BUILT_PRODUCTS_DIR)/Swiftly Chat.app/Swiftly Chat";
			};
			name = Release;
		};
		5AD1038820616FAC00FCDA96 /* Debug */ = {
			isa = XCBuildConfiguration;
			baseConfigurationReference = 5C72FF3DE8A9300AF4B321C4 /* Pods-Swiftly ChatUITests.debug.xcconfig */;
			buildSettings = {
				ALWAYS_EMBED_SWIFT_STANDARD_LIBRARIES = YES;
				CODE_SIGN_STYLE = Automatic;
				DEVELOPMENT_TEAM = FQCFR2VMWQ;
				INFOPLIST_FILE = "Swift ChatUITests/Info.plist";
				LD_RUNPATH_SEARCH_PATHS = "$(inherited) @executable_path/Frameworks @loader_path/Frameworks";
				PRODUCT_BUNDLE_IDENTIFIER = "com.khitev.Swift-ChatUITests";
				PRODUCT_NAME = "$(TARGET_NAME)";
				SWIFT_VERSION = 4.0;
				TARGETED_DEVICE_FAMILY = "1,2";
				TEST_TARGET_NAME = "Swift Chat";
			};
			name = Debug;
		};
		5AD1038920616FAC00FCDA96 /* Release */ = {
			isa = XCBuildConfiguration;
			baseConfigurationReference = 6788FC9D56C99A8E1687551A /* Pods-Swiftly ChatUITests.release.xcconfig */;
			buildSettings = {
				ALWAYS_EMBED_SWIFT_STANDARD_LIBRARIES = YES;
				CODE_SIGN_STYLE = Automatic;
				DEVELOPMENT_TEAM = FQCFR2VMWQ;
				INFOPLIST_FILE = "Swift ChatUITests/Info.plist";
				LD_RUNPATH_SEARCH_PATHS = "$(inherited) @executable_path/Frameworks @loader_path/Frameworks";
				PRODUCT_BUNDLE_IDENTIFIER = "com.khitev.Swift-ChatUITests";
				PRODUCT_NAME = "$(TARGET_NAME)";
				SWIFT_VERSION = 4.0;
				TARGETED_DEVICE_FAMILY = "1,2";
				TEST_TARGET_NAME = "Swift Chat";
			};
			name = Release;
		};
/* End XCBuildConfiguration section */

/* Begin XCConfigurationList section */
		5AD1035420616FAB00FCDA96 /* Build configuration list for PBXProject "Swiftly Chat" */ = {
			isa = XCConfigurationList;
			buildConfigurations = (
				5AD1037F20616FAC00FCDA96 /* Debug */,
				5AD1038020616FAC00FCDA96 /* Release */,
			);
			defaultConfigurationIsVisible = 0;
			defaultConfigurationName = Release;
		};
		5AD1038120616FAC00FCDA96 /* Build configuration list for PBXNativeTarget "Swiftly Chat" */ = {
			isa = XCConfigurationList;
			buildConfigurations = (
				5AD1038220616FAC00FCDA96 /* Debug */,
				5AD1038320616FAC00FCDA96 /* Release */,
			);
			defaultConfigurationIsVisible = 0;
			defaultConfigurationName = Release;
		};
		5AD1038420616FAC00FCDA96 /* Build configuration list for PBXNativeTarget "Swiftly ChatTests" */ = {
			isa = XCConfigurationList;
			buildConfigurations = (
				5AD1038520616FAC00FCDA96 /* Debug */,
				5AD1038620616FAC00FCDA96 /* Release */,
			);
			defaultConfigurationIsVisible = 0;
			defaultConfigurationName = Release;
		};
		5AD1038720616FAC00FCDA96 /* Build configuration list for PBXNativeTarget "Swiftly ChatUITests" */ = {
			isa = XCConfigurationList;
			buildConfigurations = (
				5AD1038820616FAC00FCDA96 /* Debug */,
				5AD1038920616FAC00FCDA96 /* Release */,
			);
			defaultConfigurationIsVisible = 0;
			defaultConfigurationName = Release;
		};
/* End XCConfigurationList section */
	};
	rootObject = 5AD1035120616FAB00FCDA96 /* Project object */;
}
